
Microsoft Visual Studio Solution File, Format Version 12.00
# Visual Studio Version 16
VisualStudioVersion = 16.0.31624.102
MinimumVisualStudioVersion = 10.0.40219.1
Project("{FAE04EC0-301F-11D3-BF4B-00C04F79EFBC}") = "TestServer2", "TestServer2.csproj", "{84C35699-F1C8-4C85-B43B-12CE96BF2738}"
EndProject
Global
	GlobalSection(SolutionConfigurationPlatforms) = preSolution
		Debug|Any CPU = Debug|Any CPU
		Release|Any CPU = Release|Any CPU
	EndGlobalSection
	GlobalSection(ProjectConfigurationPlatforms) = postSolution
		{84C35699-F1C8-4C85-B43B-12CE96BF2738}.Debug|Any CPU.ActiveCfg = Debug|Any CPU
		{84C35699-F1C8-4C85-B43B-12CE96BF2738}.Debug|Any CPU.Build.0 = Debug|Any CPU
		{84C35699-F1C8-4C85-B43B-12CE96BF2738}.Release|Any CPU.ActiveCfg = Release|Any CPU
		{84C35699-F1C8-4C85-B43B-12CE96BF2738}.Release|Any CPU.Build.0 = Release|Any CPU
	EndGlobalSection
	GlobalSection(SolutionProperties) = preSolution
		HideSolutionNode = FALSE
	EndGlobalSection
	GlobalSection(ExtensibilityGlobals) = postSolution
		SolutionGuid = {C67885B6-9518-4995-A2F1-3C7F05A0B2BD}
	EndGlobalSection
EndGlobal
