
Microsoft Visual Studio Solution File, Format Version 12.00
# Visual Studio Version 16
VisualStudioVersion = 16.0.31624.102
MinimumVisualStudioVersion = 10.0.40219.1
Project("{FAE04EC0-301F-11D3-BF4B-00C04F79EFBC}") = "work7", "work7.csproj", "{350D7452-91BB-4BFD-BC45-D3453D74121E}"
EndProject
Global
	GlobalSection(SolutionConfigurationPlatforms) = preSolution
		Debug|Any CPU = Debug|Any CPU
		Release|Any CPU = Release|Any CPU
	EndGlobalSection
	GlobalSection(ProjectConfigurationPlatforms) = postSolution
		{350D7452-91BB-4BFD-BC45-D3453D74121E}.Debug|Any CPU.ActiveCfg = Debug|Any CPU
		{350D7452-91BB-4BFD-BC45-D3453D74121E}.Debug|Any CPU.Build.0 = Debug|Any CPU
		{350D7452-91BB-4BFD-BC45-D3453D74121E}.Release|Any CPU.ActiveCfg = Release|Any CPU
		{350D7452-91BB-4BFD-BC45-D3453D74121E}.Release|Any CPU.Build.0 = Release|Any CPU
	EndGlobalSection
	GlobalSection(SolutionProperties) = preSolution
		HideSolutionNode = FALSE
	EndGlobalSection
	GlobalSection(ExtensibilityGlobals) = postSolution
		SolutionGuid = {55A26BA8-5132-4E8A-82C8-78ADA6A64633}
	EndGlobalSection
EndGlobal
